#
# This file is autogenerated by pip-compile with Python 3.12
# by the following command:
#
#    make lock-python
#
alembic==1.19.2
    # via equity-valuation-workbench (pyproject.toml)
annotated-doc==0.0.5
    # via fastapi
annotated-types==0.8.0
    # via pydantic
anyio==4.15.1
    # via
    #   httpx
    #   starlette
build==1.6.1
    # via pip-tools
certifi==2026.7.22
    # via
    #   httpcore
    #   httpx
click==8.5.0
    # via
    #   pip-tools
    #   uvicorn
fastapi==0.141.1
    # via equity-valuation-workbench (pyproject.toml)
greenlet==3.5.5
    # via equity-valuation-workbench (pyproject.toml)
h11==0.16.0
    # via
    #   httpcore
    #   uvicorn
httpcore==1.0.9
    # via httpx
httpx==0.28.1
    # via equity-valuation-workbench (pyproject.toml)
idna==3.19
    # via
    #   anyio
    #   httpx
iniconfig==2.3.0
    # via pytest
librt==0.15.0
    # via mypy
lxml==6.1.3
    # via equity-valuation-workbench (pyproject.toml)
lxml-stubs==0.5.1
    # via equity-valuation-workbench (pyproject.toml)
mako==1.4.1
    # via alembic
markupsafe==3.0.3
    # via mako
mypy==1.20.2
    # via equity-valuation-workbench (pyproject.toml)
mypy-extensions==1.1.0
    # via mypy
packaging==26.3
    # via
    #   build
    #   pytest
    #   wheel
pathspec==1.1.1
    # via mypy
pip-tools==7.6.1
    # via equity-valuation-workbench (pyproject.toml)
pluggy==1.6.0
    # via pytest
psycopg==3.3.5
    # via equity-valuation-workbench (pyproject.toml)
psycopg-binary==3.3.5
    # via psycopg
pydantic==2.13.5
    # via
    #   equity-valuation-workbench (pyproject.toml)
    #   fastapi
pydantic-core==2.46.5
    # via pydantic
pygments==2.21.0
    # via pytest
pyproject-hooks==1.2.0
    # via
    #   build
    #   pip-tools
pytest==9.1.1
    # via equity-valuation-workbench (pyproject.toml)
python-dotenv==1.2.3
    # via equity-valuation-workbench (pyproject.toml)
pyyaml==6.0.3
    # via equity-valuation-workbench (pyproject.toml)
redis==6.4.0
    # via equity-valuation-workbench (pyproject.toml)
ruff==0.16.7
    # via equity-valuation-workbench (pyproject.toml)
sqlalchemy==2.0.52
    # via
    #   alembic
    #   equity-valuation-workbench (pyproject.toml)
starlette==1.6.0
    # via fastapi
types-pyyaml==6.0.12.20260906
    # via equity-valuation-workbench (pyproject.toml)
typing-extensions==4.16.0
    # via
    #   alembic
    #   anyio
    #   fastapi
    #   mypy
    #   psycopg
    #   pydantic
    #   pydantic-core
    #   sqlalchemy
    #   starlette
    #   typing-inspection
typing-inspection==0.4.4
    # via
    #   fastapi
    #   pydantic
uvicorn==0.52.4
    # via equity-valuation-workbench (pyproject.toml)
wheel==0.48.0
    # via
    #   equity-valuation-workbench (pyproject.toml)
    #   pip-tools

# The following packages are considered to be unsafe in a requirements file:
pip==26.2.1
    # via pip-tools
setuptools==84.0.0
    # via
    #   equity-valuation-workbench (pyproject.toml)
    #   pip-tools
